
Microsoft Visual Studio Solution File, Format Version 12.00
# Visual Studio Version 16
VisualStudioVersion = 16.0.31410.357
MinimumVisualStudioVersion = 10.0.40219.1
Project("{FAE04EC0-301F-11D3-BF4B-00C04F79EFBC}") = "BlazorBattles.Server", "BlazorBattles\Server\BlazorBattles.Server.csproj", "{C39335B0-13FC-4B4E-82F3-8B6149943722}"
EndProject
Project("{FAE04EC0-301F-11D3-BF4B-00C04F79EFBC}") = "BlazorBattles.Client", "BlazorBattles\Client\BlazorBattles.Client.csproj", "{2ED2B8EC-8474-4096-AE32-C3805C4AFC27}"
EndProject
Project("{FAE04EC0-301F-11D3-BF4B-00C04F79EFBC}") = "BlazorBattles.Shared", "BlazorBattles\Shared\BlazorBattles.Shared.csproj", "{4D452B37-68D1-47BF-9B8C-D413F746F98E}"
EndProject
Global
	GlobalSection(SolutionConfigurationPlatforms) = preSolution
		Debug|Any CPU = Debug|Any CPU
		Release|Any CPU = Release|Any CPU
	EndGlobalSection
	GlobalSection(ProjectConfigurationPlatforms) = postSolution
		{C39335B0-13FC-4B4E-82F3-8B6149943722}.Debug|Any CPU.ActiveCfg = Debug|Any CPU
		{C39335B0-13FC-4B4E-82F3-8B6149943722}.Debug|Any CPU.Build.0 = Debug|Any CPU
		{C39335B0-13FC-4B4E-82F3-8B6149943722}.Release|Any CPU.ActiveCfg = Release|Any CPU
		{C39335B0-13FC-4B4E-82F3-8B6149943722}.Release|Any CPU.Build.0 = Release|Any CPU
		{2ED2B8EC-8474-4096-AE32-C3805C4AFC27}.Debug|Any CPU.ActiveCfg = Debug|Any CPU
		{2ED2B8EC-8474-4096-AE32-C3805C4AFC27}.Debug|Any CPU.Build.0 = Debug|Any CPU
		{2ED2B8EC-8474-4096-AE32-C3805C4AFC27}.Release|Any CPU.ActiveCfg = Release|Any CPU
		{2ED2B8EC-8474-4096-AE32-C3805C4AFC27}.Release|Any CPU.Build.0 = Release|Any CPU
		{4D452B37-68D1-47BF-9B8C-D413F746F98E}.Debug|Any CPU.ActiveCfg = Debug|Any CPU
		{4D452B37-68D1-47BF-9B8C-D413F746F98E}.Debug|Any CPU.Build.0 = Debug|Any CPU
		{4D452B37-68D1-47BF-9B8C-D413F746F98E}.Release|Any CPU.ActiveCfg = Release|Any CPU
		{4D452B37-68D1-47BF-9B8C-D413F746F98E}.Release|Any CPU.Build.0 = Release|Any CPU
	EndGlobalSection
	GlobalSection(SolutionProperties) = preSolution
		HideSolutionNode = FALSE
	EndGlobalSection
	GlobalSection(ExtensibilityGlobals) = postSolution
		SolutionGuid = {5AE71D07-3F9D-408F-86AA-1073BEDDE56D}
	EndGlobalSection
EndGlobal
